
Microsoft Visual Studio Solution File, Format Version 12.00
# Visual Studio Version 16
VisualStudioVersion = 16.0.32002.261
MinimumVisualStudioVersion = 10.0.40219.1
Project("{FAE04EC0-301F-11D3-BF4B-00C04F79EFBC}") = "AdvancedDataScanner", "AdvancedDataScanner\AdvancedDataScanner.csproj", "{F8D2ABC6-013F-41F4-A430-A30DC85290FA}"
EndProject
Global
	GlobalSection(SolutionConfigurationPlatforms) = preSolution
		Debug|Any CPU = Debug|Any CPU
		Release|Any CPU = Release|Any CPU
	EndGlobalSection
	GlobalSection(ProjectConfigurationPlatforms) = postSolution
		{F8D2ABC6-013F-41F4-A430-A30DC85290FA}.Debug|Any CPU.ActiveCfg = Debug|Any CPU
		{F8D2ABC6-013F-41F4-A430-A30DC85290FA}.Debug|Any CPU.Build.0 = Debug|Any CPU
		{F8D2ABC6-013F-41F4-A430-A30DC85290FA}.Release|Any CPU.ActiveCfg = Release|Any CPU
		{F8D2ABC6-013F-41F4-A430-A30DC85290FA}.Release|Any CPU.Build.0 = Release|Any CPU
	EndGlobalSection
	GlobalSection(SolutionProperties) = preSolution
		HideSolutionNode = FALSE
	EndGlobalSection
	GlobalSection(ExtensibilityGlobals) = postSolution
		SolutionGuid = {5C0C27F0-5188-422D-9315-80419AC0CD38}
	EndGlobalSection
EndGlobal
